
Microsoft Visual Studio Solution File, Format Version 12.00
# Visual Studio 2013
VisualStudioVersion = 12.0.21005.1
MinimumVisualStudioVersion = 10.0.40219.1
Project("{8BC9CEB8-8B4A-11D0-8D11-00A0C91BC942}") = "IAHE", "IAHE\IAHE.vcxproj", "{21F0F45F-4741-41EE-9860-19BCB7329D15}"
EndProject
Global
	GlobalSection(SolutionConfigurationPlatforms) = preSolution
		Debug|Win32 = Debug|Win32
		Release|Win32 = Release|Win32
	EndGlobalSection
	GlobalSection(ProjectConfigurationPlatforms) = postSolution
		{21F0F45F-4741-41EE-9860-19BCB7329D15}.Debug|Win32.ActiveCfg = Debug|Win32
		{21F0F45F-4741-41EE-9860-19BCB7329D15}.Debug|Win32.Build.0 = Debug|Win32
		{21F0F45F-4741-41EE-9860-19BCB7329D15}.Release|Win32.ActiveCfg = Release|Win32
		{21F0F45F-4741-41EE-9860-19BCB7329D15}.Release|Win32.Build.0 = Release|Win32
	EndGlobalSection
	GlobalSection(SolutionProperties) = preSolution
		HideSolutionNode = FALSE
	EndGlobalSection
EndGlobal
